
Microsoft Visual Studio Solution File, Format Version 12.00
# Visual Studio Version 16
VisualStudioVersion = 16.0.30717.126
MinimumVisualStudioVersion = 10.0.40219.1
Project("{FAE04EC0-301F-11D3-BF4B-00C04F79EFBC}") = "Thread1", "Thread1.csproj", "{679F2793-9D81-4104-9739-84CDD3F96B75}"
EndProject
Global
	GlobalSection(SolutionConfigurationPlatforms) = preSolution
		Debug|Any CPU = Debug|Any CPU
		Release|Any CPU = Release|Any CPU
	EndGlobalSection
	GlobalSection(ProjectConfigurationPlatforms) = postSolution
		{679F2793-9D81-4104-9739-84CDD3F96B75}.Debug|Any CPU.ActiveCfg = Debug|Any CPU
		{679F2793-9D81-4104-9739-84CDD3F96B75}.Debug|Any CPU.Build.0 = Debug|Any CPU
		{679F2793-9D81-4104-9739-84CDD3F96B75}.Release|Any CPU.ActiveCfg = Release|Any CPU
		{679F2793-9D81-4104-9739-84CDD3F96B75}.Release|Any CPU.Build.0 = Release|Any CPU
	EndGlobalSection
	GlobalSection(SolutionProperties) = preSolution
		HideSolutionNode = FALSE
	EndGlobalSection
	GlobalSection(ExtensibilityGlobals) = postSolution
		SolutionGuid = {ED0A53B9-BBCE-4C9B-ACCB-D9E45C4701BE}
	EndGlobalSection
EndGlobal
