
Microsoft Visual Studio Solution File, Format Version 12.00
# Visual Studio Version 16
VisualStudioVersion = 16.0.30717.126
MinimumVisualStudioVersion = 10.0.40219.1
Project("{FAE04EC0-301F-11D3-BF4B-00C04F79EFBC}") = "prog1", "prog1.csproj", "{18664810-42A8-4363-B152-C174E49AEA60}"
EndProject
Global
	GlobalSection(SolutionConfigurationPlatforms) = preSolution
		Debug|Any CPU = Debug|Any CPU
		Release|Any CPU = Release|Any CPU
	EndGlobalSection
	GlobalSection(ProjectConfigurationPlatforms) = postSolution
		{18664810-42A8-4363-B152-C174E49AEA60}.Debug|Any CPU.ActiveCfg = Debug|Any CPU
		{18664810-42A8-4363-B152-C174E49AEA60}.Debug|Any CPU.Build.0 = Debug|Any CPU
		{18664810-42A8-4363-B152-C174E49AEA60}.Release|Any CPU.ActiveCfg = Release|Any CPU
		{18664810-42A8-4363-B152-C174E49AEA60}.Release|Any CPU.Build.0 = Release|Any CPU
	EndGlobalSection
	GlobalSection(SolutionProperties) = preSolution
		HideSolutionNode = FALSE
	EndGlobalSection
	GlobalSection(ExtensibilityGlobals) = postSolution
		SolutionGuid = {D7CA5531-AB39-4885-A47A-BD799F3FA039}
	EndGlobalSection
EndGlobal
