
Microsoft Visual Studio Solution File, Format Version 12.00
# Visual Studio Version 16
VisualStudioVersion = 16.0.30717.126
MinimumVisualStudioVersion = 10.0.40219.1
Project("{FAE04EC0-301F-11D3-BF4B-00C04F79EFBC}") = "ReflectionDemo", "ReflectionDemo.csproj", "{23EB1E2B-AAE6-4697-A840-17904EE6AA8B}"
EndProject
Global
	GlobalSection(SolutionConfigurationPlatforms) = preSolution
		Debug|Any CPU = Debug|Any CPU
		Release|Any CPU = Release|Any CPU
	EndGlobalSection
	GlobalSection(ProjectConfigurationPlatforms) = postSolution
		{23EB1E2B-AAE6-4697-A840-17904EE6AA8B}.Debug|Any CPU.ActiveCfg = Debug|Any CPU
		{23EB1E2B-AAE6-4697-A840-17904EE6AA8B}.Debug|Any CPU.Build.0 = Debug|Any CPU
		{23EB1E2B-AAE6-4697-A840-17904EE6AA8B}.Release|Any CPU.ActiveCfg = Release|Any CPU
		{23EB1E2B-AAE6-4697-A840-17904EE6AA8B}.Release|Any CPU.Build.0 = Release|Any CPU
	EndGlobalSection
	GlobalSection(SolutionProperties) = preSolution
		HideSolutionNode = FALSE
	EndGlobalSection
	GlobalSection(ExtensibilityGlobals) = postSolution
		SolutionGuid = {50057539-2517-4032-8D4A-696346C24D04}
	EndGlobalSection
EndGlobal
