
Microsoft Visual Studio Solution File, Format Version 12.00
# Visual Studio Version 16
VisualStudioVersion = 16.0.30717.126
MinimumVisualStudioVersion = 10.0.40219.1
Project("{FAE04EC0-301F-11D3-BF4B-00C04F79EFBC}") = "DelegateDemo", "DelegateDemo.csproj", "{5A4AB4E8-5065-442A-8FAC-1BF7F595C851}"
EndProject
Global
	GlobalSection(SolutionConfigurationPlatforms) = preSolution
		Debug|Any CPU = Debug|Any CPU
		Release|Any CPU = Release|Any CPU
	EndGlobalSection
	GlobalSection(ProjectConfigurationPlatforms) = postSolution
		{5A4AB4E8-5065-442A-8FAC-1BF7F595C851}.Debug|Any CPU.ActiveCfg = Debug|Any CPU
		{5A4AB4E8-5065-442A-8FAC-1BF7F595C851}.Debug|Any CPU.Build.0 = Debug|Any CPU
		{5A4AB4E8-5065-442A-8FAC-1BF7F595C851}.Release|Any CPU.ActiveCfg = Release|Any CPU
		{5A4AB4E8-5065-442A-8FAC-1BF7F595C851}.Release|Any CPU.Build.0 = Release|Any CPU
	EndGlobalSection
	GlobalSection(SolutionProperties) = preSolution
		HideSolutionNode = FALSE
	EndGlobalSection
	GlobalSection(ExtensibilityGlobals) = postSolution
		SolutionGuid = {29521AA7-2BDC-4A2D-AC8A-8D4199221A3B}
	EndGlobalSection
EndGlobal
